// !$*UTF8*$!
{
	archiveVersion = 1;
	classes = {
	};
	objectVersion = 50;
	objects = {

/* Begin PBXBuildFile section */
		F33A87B321E2000D0039A777 /* AppDelegate.swift in Sources */ = {isa = PBXBuildFile; fileRef = F33A87B221E2000D0039A777 /* AppDelegate.swift */; };
		F33A87B521E2000D0039A777 /* ViewController.swift in Sources */ = {isa = PBXBuildFile; fileRef = F33A87B421E2000D0039A777 /* ViewController.swift */; };
		F33A87B821E2000D0039A777 /* Main.storyboard in Resources */ = {isa = PBXBuildFile; fileRef = F33A87B621E2000D0039A777 /* Main.storyboard */; };
		F33A87BA21E2000E0039A777 /* Assets.xcassets in Resources */ = {isa = PBXBuildFile; fileRef = F33A87B921E2000E0039A777 /* Assets.xcassets */; };
		F33A87BD21E2000E0039A777 /* LaunchScreen.storyboard in Resources */ = {isa = PBXBuildFile; fileRef = F33A87BB21E2000E0039A777 /* LaunchScreen.storyboard */; };
		F33A87C821E2000E0039A777 /* weatherOrNotTests.swift in Sources */ = {isa = PBXBuildFile; fileRef = F33A87C721E2000E0039A777 /* weatherOrNotTests.swift */; };
		F33A87D321E2000E0039A777 /* weatherOrNotUITests.swift in Sources */ = {isa = PBXBuildFile; fileRef = F33A87D221E2000E0039A777 /* weatherOrNotUITests.swift */; };
/* End PBXBuildFile section */

/* Begin PBXContainerItemProxy section */
		F33A87C421E2000E0039A777 /* PBXContainerItemProxy */ = {
			isa = PBXContainerItemProxy;
			containerPortal = F33A87A721E2000D0039A777 /* Project object */;
			proxyType = 1;
			remoteGlobalIDString = F33A87AE21E2000D0039A777;
			remoteInfo = weatherOrNot;
		};
		F33A87CF21E2000E0039A777 /* PBXContainerItemProxy */ = {
			isa = PBXContainerItemProxy;
			containerPortal = F33A87A721E2000D0039A777 /* Project object */;
			proxyType = 1;
			remoteGlobalIDString = F33A87AE21E2000D0039A777;
			remoteInfo = weatherOrNot;
		};
/* End PBXContainerItemProxy section */

/* Begin PBXFileReference section */
		F33A87AF21E2000D0039A777 /* weatherOrNot.app */ = {isa = PBXFileReference; explicitFileType = wrapper.application; includeInIndex = 0; path = weatherOrNot.app; sourceTree = BUILT_PRODUCTS_DIR; };
		F33A87B221E2000D0039A777 /* AppDelegate.swift */ = {isa = PBXFileReference; lastKnownFileType = sourcecode.swift; path = AppDelegate.swift; sourceTree = "<group>"; };
		F33A87B421E2000D0039A777 /* ViewController.swift */ = {isa = PBXFileReference; lastKnownFileType = sourcecode.swift; path = ViewController.swift; sourceTree = "<group>"; };
		F33A87B721E2000D0039A777 /* Base */ = {isa = PBXFileReference; lastKnownFileType = file.storyboard; name = Base; path = Base.lproj/Main.storyboard; sourceTree = "<group>"; };
		F33A87B921E2000E0039A777 /* Assets.xcassets */ = {isa = PBXFileReference; lastKnownFileType = folder.assetcatalog; path = Assets.xcassets; sourceTree = "<group>"; };
		F33A87BC21E2000E0039A777 /* Base */ = {isa = PBXFileReference; lastKnownFileType = file.storyboard; name = Base; path = Base.lproj/LaunchScreen.storyboard; sourceTree = "<group>"; };
		F33A87BE21E2000E0039A777 /* Info.plist */ = {isa = PBXFileReference; lastKnownFileType = text.plist.xml; path = Info.plist; sourceTree = "<group>"; };
		F33A87C321E2000E0039A777 /* weatherOrNotTests.xctest */ = {isa = PBXFileReference; explicitFileType = wrapper.cfbundle; includeInIndex = 0; path = weatherOrNotTests.xctest; sourceTree = BUILT_PRODUCTS_DIR; };
		F33A87C721E2000E0039A777 /* weatherOrNotTests.swift */ = {isa = PBXFileReference; lastKnownFileType = sourcecode.swift; path = weatherOrNotTests.swift; sourceTree = "<group>"; };
		F33A87C921E2000E0039A777 /* Info.plist */ = {isa = PBXFileReference; lastKnownFileType = text.plist.xml; path = Info.plist; sourceTree = "<group>"; };
		F33A87CE21E2000E0039A777 /* weatherOrNotUITests.xctest */ = {isa = PBXFileReference; explicitFileType = wrapper.cfbundle; includeInIndex = 0; path = weatherOrNotUITests.xctest; sourceTree = BUILT_PRODUCTS_DIR; };
		F33A87D221E2000E0039A777 /* weatherOrNotUITests.swift */ = {isa = PBXFileReference; lastKnownFileType = sourcecode.swift; path = weatherOrNotUITests.swift; sourceTree = "<group>"; };
		F33A87D421E2000E0039A777 /* Info.plist */ = {isa = PBXFileReference; lastKnownFileType = text.plist.xml; path = Info.plist; sourceTree = "<group>"; };
/* End PBXFileReference section */

/* Begin PBXFrameworksBuildPhase section */
		F33A87AC21E2000D0039A777 /* Frameworks */ = {
			isa = PBXFrameworksBuildPhase;
			buildActionMask = 2147483647;
			files = (
			);
			runOnlyForDeploymentPostprocessing = 0;
		};
		F33A87C021E2000E0039A777 /* Frameworks */ = {
			isa = PBXFrameworksBuildPhase;
			buildActionMask = 2147483647;
			files = (
			);
			runOnlyForDeploymentPostprocessing = 0;
		};
		F33A87CB21E2000E0039A777 /* Frameworks */ = {
			isa = PBXFrameworksBuildPhase;
			buildActionMask = 2147483647;
			files = (
			);
			runOnlyForDeploymentPostprocessing = 0;
		};
/* End PBXFrameworksBuildPhase section */

/* Begin PBXGroup section */
		F33A87A621E2000D0039A777 = {
			isa = PBXGroup;
			children = (
				F33A87B121E2000D0039A777 /* weatherOrNot */,
				F33A87C621E2000E0039A777 /* weatherOrNotTests */,
				F33A87D121E2000E0039A777 /* weatherOrNotUITests */,
				F33A87B021E2000D0039A777 /* Products */,
			);
			sourceTree = "<group>";
		};
		F33A87B021E2000D0039A777 /* Products */ = {
			isa = PBXGroup;
			children = (
				F33A87AF21E2000D0039A777 /* weatherOrNot.app */,
				F33A87C321E2000E0039A777 /* weatherOrNotTests.xctest */,
				F33A87CE21E2000E0039A777 /* weatherOrNotUITests.xctest */,
			);
			name = Products;
			sourceTree = "<group>";
		};
		F33A87B121E2000D0039A777 /* weatherOrNot */ = {
			isa = PBXGroup;
			children = (
				F33A87B221E2000D0039A777 /* AppDelegate.swift */,
				F33A87B421E2000D0039A777 /* ViewController.swift */,
				F33A87B621E2000D0039A777 /* Main.storyboard */,
				F33A87B921E2000E0039A777 /* Assets.xcassets */,
				F33A87BB21E2000E0039A777 /* LaunchScreen.storyboard */,
				F33A87BE21E2000E0039A777 /* Info.plist */,
			);
			path = weatherOrNot;
			sourceTree = "<group>";
		};
		F33A87C621E2000E0039A777 /* weatherOrNotTests */ = {
			isa = PBXGroup;
			children = (
				F33A87C721E2000E0039A777 /* weatherOrNotTests.swift */,
				F33A87C921E2000E0039A777 /* Info.plist */,
			);
			path = weatherOrNotTests;
			sourceTree = "<group>";
		};
		F33A87D121E2000E0039A777 /* weatherOrNotUITests */ = {
			isa = PBXGroup;
			children = (
				F33A87D221E2000E0039A777 /* weatherOrNotUITests.swift */,
				F33A87D421E2000E0039A777 /* Info.plist */,
			);
			path = weatherOrNotUITests;
			sourceTree = "<group>";
		};
/* End PBXGroup section */

/* Begin PBXNativeTarget section */
		F33A87AE21E2000D0039A777 /* weatherOrNot */ = {
			isa = PBXNativeTarget;
			buildConfigurationList = F33A87D721E2000E0039A777 /* Build configuration list for PBXNativeTarget "weatherOrNot" */;
			buildPhases = (
				F33A87AB21E2000D0039A777 /* Sources */,
				F33A87AC21E2000D0039A777 /* Frameworks */,
				F33A87AD21E2000D0039A777 /* Resources */,
			);
			buildRules = (
			);
			dependencies = (
			);
			name = weatherOrNot;
			productName = weatherOrNot;
			productReference = F33A87AF21E2000D0039A777 /* weatherOrNot.app */;
			productType = "com.apple.product-type.application";
		};
		F33A87C221E2000E0039A777 /* weatherOrNotTests */ = {
			isa = PBXNativeTarget;
			buildConfigurationList = F33A87DA21E2000E0039A777 /* Build configuration list for PBXNativeTarget "weatherOrNotTests" */;
			buildPhases = (
				F33A87BF21E2000E0039A777 /* Sources */,
				F33A87C021E2000E0039A777 /* Frameworks */,
				F33A87C121E2000E0039A777 /* Resources */,
			);
			buildRules = (
			);
			dependencies = (
				F33A87C521E2000E0039A777 /* PBXTargetDependency */,
			);
			name = weatherOrNotTests;
			productName = weatherOrNotTests;
			productReference = F33A87C321E2000E0039A777 /* weatherOrNotTests.xctest */;
			productType = "com.apple.product-type.bundle.unit-test";
		};
		F33A87CD21E2000E0039A777 /* weatherOrNotUITests */ = {
			isa = PBXNativeTarget;
			buildConfigurationList = F33A87DD21E2000E0039A777 /* Build configuration list for PBXNativeTarget "weatherOrNotUITests" */;
			buildPhases = (
				F33A87CA21E2000E0039A777 /* Sources */,
				F33A87CB21E2000E0039A777 /* Frameworks */,
				F33A87CC21E2000E0039A777 /* Resources */,
			);
			buildRules = (
			);
			dependencies = (
				F33A87D021E2000E0039A777 /* PBXTargetDependency */,
			);
			name = weatherOrNotUITests;
			productName = weatherOrNotUITests;
			productReference = F33A87CE21E2000E0039A777 /* weatherOrNotUITests.xctest */;
			productType = "com.apple.product-type.bundle.ui-testing";
		};
/* End PBXNativeTarget section */

/* Begin PBXProject section */
		F33A87A721E2000D0039A777 /* Project object */ = {
			isa = PBXProject;
			attributes = {
				LastSwiftUpdateCheck = 1010;
				LastUpgradeCheck = 1010;
				ORGANIZATIONNAME = "John Gibson";
				TargetAttributes = {
					F33A87AE21E2000D0039A777 = {
						CreatedOnToolsVersion = 10.1;
					};
					F33A87C221E2000E0039A777 = {
						CreatedOnToolsVersion = 10.1;
						TestTargetID = F33A87AE21E2000D0039A777;
					};
					F33A87CD21E2000E0039A777 = {
						CreatedOnToolsVersion = 10.1;
						TestTargetID = F33A87AE21E2000D0039A777;
					};
				};
			};
			buildConfigurationList = F33A87AA21E2000D0039A777 /* Build configuration list for PBXProject "weatherOrNot" */;
			compatibilityVersion = "Xcode 9.3";
			developmentRegion = en;
			hasScannedForEncodings = 0;
			knownRegions = (
				en,
				Base,
			);
			mainGroup = F33A87A621E2000D0039A777;
			productRefGroup = F33A87B021E2000D0039A777 /* Products */;
			projectDirPath = "";
			projectRoot = "";
			targets = (
				F33A87AE21E2000D0039A777 /* weatherOrNot */,
				F33A87C221E2000E0039A777 /* weatherOrNotTests */,
				F33A87CD21E2000E0039A777 /* weatherOrNotUITests */,
			);
		};
/* End PBXProject section */

/* Begin PBXResourcesBuildPhase section */
		F33A87AD21E2000D0039A777 /* Resources */ = {
			isa = PBXResourcesBuildPhase;
			buildActionMask = 2147483647;
			files = (
				F33A87BD21E2000E0039A777 /* LaunchScreen.storyboard in Resources */,
				F33A87BA21E2000E0039A777 /* Assets.xcassets in Resources */,
				F33A87B821E2000D0039A777 /* Main.storyboard in Resources */,
			);
			runOnlyForDeploymentPostprocessing = 0;
		};
		F33A87C121E2000E0039A777 /* Resources */ = {
			isa = PBXResourcesBuildPhase;
			buildActionMask = 2147483647;
			files = (
			);
			runOnlyForDeploymentPostprocessing = 0;
		};
		F33A87CC21E2000E0039A777 /* Resources */ = {
			isa = PBXResourcesBuildPhase;
			buildActionMask = 2147483647;
			files = (
			);
			runOnlyForDeploymentPostprocessing = 0;
		};
/* End PBXResourcesBuildPhase section */

/* Begin PBXSourcesBuildPhase section */
		F33A87AB21E2000D0039A777 /* Sources */ = {
			isa = PBXSourcesBuildPhase;
			buildActionMask = 2147483647;
			files = (
				F33A87B521E2000D0039A777 /* ViewController.swift in Sources */,
				F33A87B321E2000D0039A777 /* AppDelegate.swift in Sources */,
			);
			runOnlyForDeploymentPostprocessing = 0;
		};
		F33A87BF21E2000E0039A777 /* Sources */ = {
			isa = PBXSourcesBuildPhase;
			buildActionMask = 2147483647;
			files = (
				F33A87C821E2000E0039A777 /* weatherOrNotTests.swift in Sources */,
			);
			runOnlyForDeploymentPostprocessing = 0;
		};
		F33A87CA21E2000E0039A777 /* Sources */ = {
			isa = PBXSourcesBuildPhase;
			buildActionMask = 2147483647;
			files = (
				F33A87D321E2000E0039A777 /* weatherOrNotUITests.swift in Sources */,
			);
			runOnlyForDeploymentPostprocessing = 0;
		};
/* End PBXSourcesBuildPhase section */

/* Begin PBXTargetDependency section */
		F33A87C521E2000E0039A777 /* PBXTargetDependency */ = {
			isa = PBXTargetDependency;
			target = F33A87AE21E2000D0039A777 /* weatherOrNot */;
			targetProxy = F33A87C421E2000E0039A777 /* PBXContainerItemProxy */;
		};
		F33A87D021E2000E0039A777 /* PBXTargetDependency */ = {
			isa = PBXTargetDependency;
			target = F33A87AE21E2000D0039A777 /* weatherOrNot */;
			targetProxy = F33A87CF21E2000E0039A777 /* PBXContainerItemProxy */;
		};
/* End PBXTargetDependency section */

/* Begin PBXVariantGroup section */
		F33A87B621E2000D0039A777 /* Main.storyboard */ = {
			isa = PBXVariantGroup;
			children = (
				F33A87B721E2000D0039A777 /* Base */,
			);
			name = Main.storyboard;
			sourceTree = "<group>";
		};
		F33A87BB21E2000E0039A777 /* LaunchScreen.storyboard */ = {
			isa = PBXVariantGroup;
			children = (
				F33A87BC21E2000E0039A777 /* Base */,
			);
			name = LaunchScreen.storyboard;
			sourceTree = "<group>";
		};
/* End PBXVariantGroup section */

/* Begin XCBuildConfiguration section */
		F33A87D521E2000E0039A777 /* Debug */ = {
			isa = XCBuildConfiguration;
			buildSettings = {
				ALWAYS_SEARCH_USER_PATHS = NO;
				CLANG_ANALYZER_NONNULL = YES;
				CLANG_ANALYZER_NUMBER_OBJECT_CONVERSION = YES_AGGRESSIVE;
				CLANG_CXX_LANGUAGE_STANDARD = "gnu++14";
				CLANG_CXX_LIBRARY = "libc++";
				CLANG_ENABLE_MODULES = YES;
				CLANG_ENABLE_OBJC_ARC = YES;
				CLANG_ENABLE_OBJC_WEAK = YES;
				CLANG_WARN_BLOCK_CAPTURE_AUTORELEASING = YES;
				CLANG_WARN_BOOL_CONVERSION = YES;
				CLANG_WARN_COMMA = YES;
				CLANG_WARN_CONSTANT_CONVERSION = YES;
				CLANG_WARN_DEPRECATED_OBJC_IMPLEMENTATIONS = YES;
				CLANG_WARN_DIRECT_OBJC_ISA_USAGE = YES_ERROR;
				CLANG_WARN_DOCUMENTATION_COMMENTS = YES;
				CLANG_WARN_EMPTY_BODY = YES;
				CLANG_WARN_ENUM_CONVERSION = YES;
				CLANG_WARN_INFINITE_RECURSION = YES;
				CLANG_WARN_INT_CONVERSION = YES;
				CLANG_WARN_NON_LITERAL_NULL_CONVERSION = YES;
				CLANG_WARN_OBJC_IMPLICIT_RETAIN_SELF = YES;
				CLANG_WARN_OBJC_LITERAL_CONVERSION = YES;
				CLANG_WARN_OBJC_ROOT_CLASS = YES_ERROR;
				CLANG_WARN_RANGE_LOOP_ANALYSIS = YES;
				CLANG_WARN_STRICT_PROTOTYPES = YES;
				CLANG_WARN_SUSPICIOUS_MOVE = YES;
				CLANG_WARN_UNGUARDED_AVAILABILITY = YES_AGGRESSIVE;
				CLANG_WARN_UNREACHABLE_CODE = YES;
				CLANG_WARN__DUPLICATE_METHOD_MATCH = YES;
				CODE_SIGN_IDENTITY = "iPhone Developer";
				COPY_PHASE_STRIP = NO;
				DEBUG_INFORMATION_FORMAT = dwarf;
				ENABLE_STRICT_OBJC_MSGSEND = YES;
				ENABLE_TESTABILITY = YES;
				GCC_C_LANGUAGE_STANDARD = gnu11;
				GCC_DYNAMIC_NO_PIC = NO;
				GCC_NO_COMMON_BLOCKS = YES;
				GCC_OPTIMIZATION_LEVEL = 0;
				GCC_PREPROCESSOR_DEFINITIONS = (
					"DEBUG=1",
					"$(inherited)",
				);
				GCC_WARN_64_TO_32_BIT_CONVERSION = YES;
				GCC_WARN_ABOUT_RETURN_TYPE = YES_ERROR;
				GCC_WARN_UNDECLARED_SELECTOR = YES;
				GCC_WARN_UNINITIALIZED_AUTOS = YES_AGGRESSIVE;
				GCC_WARN_UNUSED_FUNCTION = YES;
				GCC_WARN_UNUSED_VARIABLE = YES;
				IPHONEOS_DEPLOYMENT_TARGET = 12.1;
				MTL_ENABLE_DEBUG_INFO = INCLUDE_SOURCE;
				MTL_FAST_MATH = YES;
				ONLY_ACTIVE_ARCH = YES;
				SDKROOT = iphoneos;
				SWIFT_ACTIVE_COMPILATION_CONDITIONS = DEBUG;
				SWIFT_OPTIMIZATION_LEVEL = "-Onone";
			};
			name = Debug;
		};
		F33A87D621E2000E0039A777 /* Release */ = {
			isa = XCBuildConfiguration;
			buildSettings = {
				ALWAYS_SEARCH_USER_PATHS = NO;
				CLANG_ANALYZER_NONNULL = YES;
				CLANG_ANALYZER_NUMBER_OBJECT_CONVERSION = YES_AGGRESSIVE;
				CLANG_CXX_LANGUAGE_STANDARD = "gnu++14";
				CLANG_CXX_LIBRARY = "libc++";
				CLANG_ENABLE_MODULES = YES;
				CLANG_ENABLE_OBJC_ARC = YES;
				CLANG_ENABLE_OBJC_WEAK = YES;
				CLANG_WARN_BLOCK_CAPTURE_AUTORELEASING = YES;
				CLANG_WARN_BOOL_CONVERSION = YES;
				CLANG_WARN_COMMA = YES;
				CLANG_WARN_CONSTANT_CONVERSION = YES;
				CLANG_WARN_DEPRECATED_OBJC_IMPLEMENTATIONS = YES;
				CLANG_WARN_DIRECT_OBJC_ISA_USAGE = YES_ERROR;
				CLANG_WARN_DOCUMENTATION_COMMENTS = YES;
				CLANG_WARN_EMPTY_BODY = YES;
				CLANG_WARN_ENUM_CONVERSION = YES;
				CLANG_WARN_INFINITE_RECURSION = YES;
				CLANG_WARN_INT_CONVERSION = YES;
				CLANG_WARN_NON_LITERAL_NULL_CONVERSION = YES;
				CLANG_WARN_OBJC_IMPLICIT_RETAIN_SELF = YES;
				CLANG_WARN_OBJC_LITERAL_CONVERSION = YES;
				CLANG_WARN_OBJC_ROOT_CLASS = YES_ERROR;
				CLANG_WARN_RANGE_LOOP_ANALYSIS = YES;
				CLANG_WARN_STRICT_PROTOTYPES = YES;
				CLANG_WARN_SUSPICIOUS_MOVE = YES;
				CLANG_WARN_UNGUARDED_AVAILABILITY = YES_AGGRESSIVE;
				CLANG_WARN_UNREACHABLE_CODE = YES;
				CLANG_WARN__DUPLICATE_METHOD_MATCH = YES;
				CODE_SIGN_IDENTITY = "iPhone Developer";
				COPY_PHASE_STRIP = NO;
				DEBUG_INFORMATION_FORMAT = "dwarf-with-dsym";
				ENABLE_NS_ASSERTIONS = NO;
				ENABLE_STRICT_OBJC_MSGSEND = YES;
				GCC_C_LANGUAGE_STANDARD = gnu11;
				GCC_NO_COMMON_BLOCKS = YES;
				GCC_WARN_64_TO_32_BIT_CONVERSION = YES;
				GCC_WARN_ABOUT_RETURN_TYPE = YES_ERROR;
				GCC_WARN_UNDECLARED_SELECTOR = YES;
				GCC_WARN_UNINITIALIZED_AUTOS = YES_AGGRESSIVE;
				GCC_WARN_UNUSED_FUNCTION = YES;
				GCC_WARN_UNUSED_VARIABLE = YES;
				IPHONEOS_DEPLOYMENT_TARGET = 12.1;
				MTL_ENABLE_DEBUG_INFO = NO;
				MTL_FAST_MATH = YES;
				SDKROOT = iphoneos;
				SWIFT_COMPILATION_MODE = wholemodule;
				SWIFT_OPTIMIZATION_LEVEL = "-O";
				VALIDATE_PRODUCT = YES;
			};
			name = Release;
		};
		F33A87D821E2000E0039A777 /* Debug */ = {
			isa = XCBuildConfiguration;
			buildSettings = {
				ASSETCATALOG_COMPILER_APPICON_NAME = AppIcon;
				CODE_SIGN_STYLE = Automatic;
				DEVELOPMENT_TEAM = G6QE4Y49BH;
				INFOPLIST_FILE = weatherOrNot/Info.plist;
				LD_RUNPATH_SEARCH_PATHS = (
					"$(inherited)",
					"@executable_path/Frameworks",
				);
				PRODUCT_BUNDLE_IDENTIFIER = jrgibson1.weatherOrNot;
				PRODUCT_NAME = "$(TARGET_NAME)";
				SWIFT_VERSION = 4.2;
				TARGETED_DEVICE_FAMILY = "1,2";
			};
			name = Debug;
		};
		F33A87D921E2000E0039A777 /* Release */ = {
			isa = XCBuildConfiguration;
			buildSettings = {
				ASSETCATALOG_COMPILER_APPICON_NAME = AppIcon;
				CODE_SIGN_STYLE = Automatic;
				DEVELOPMENT_TEAM = G6QE4Y49BH;
				INFOPLIST_FILE = weatherOrNot/Info.plist;
				LD_RUNPATH_SEARCH_PATHS = (
					"$(inherited)",
					"@executable_path/Frameworks",
				);
				PRODUCT_BUNDLE_IDENTIFIER = jrgibson1.weatherOrNot;
				PRODUCT_NAME = "$(TARGET_NAME)";
				SWIFT_VERSION = 4.2;
				TARGETED_DEVICE_FAMILY = "1,2";
			};
			name = Release;
		};
		F33A87DB21E2000E0039A777 /* Debug */ = {
			isa = XCBuildConfiguration;
			buildSettings = {
				ALWAYS_EMBED_SWIFT_STANDARD_LIBRARIES = YES;
				BUNDLE_LOADER = "$(TEST_HOST)";
				CODE_SIGN_STYLE = Automatic;
				DEVELOPMENT_TEAM = G6QE4Y49BH;
				INFOPLIST_FILE = weatherOrNotTests/Info.plist;
				LD_RUNPATH_SEARCH_PATHS = (
					"$(inherited)",
					"@executable_path/Frameworks",
					"@loader_path/Frameworks",
				);
				PRODUCT_BUNDLE_IDENTIFIER = jrgibson1.weatherOrNotTests;
				PRODUCT_NAME = "$(TARGET_NAME)";
				SWIFT_VERSION = 4.2;
				TARGETED_DEVICE_FAMILY = "1,2";
				TEST_HOST = "$(BUILT_PRODUCTS_DIR)/weatherOrNot.app/weatherOrNot";
			};
			name = Debug;
		};
		F33A87DC21E2000E0039A777 /* Release */ = {
			isa = XCBuildConfiguration;
			buildSettings = {
				ALWAYS_EMBED_SWIFT_STANDARD_LIBRARIES = YES;
				BUNDLE_LOADER = "$(TEST_HOST)";
				CODE_SIGN_STYLE = Automatic;
				DEVELOPMENT_TEAM = G6QE4Y49BH;
				INFOPLIST_FILE = weatherOrNotTests/Info.plist;
				LD_RUNPATH_SEARCH_PATHS = (
					"$(inherited)",
					"@executable_path/Frameworks",
					"@loader_path/Frameworks",
				);
				PRODUCT_BUNDLE_IDENTIFIER = jrgibson1.weatherOrNotTests;
				PRODUCT_NAME = "$(TARGET_NAME)";
				SWIFT_VERSION = 4.2;
				TARGETED_DEVICE_FAMILY = "1,2";
				TEST_HOST = "$(BUILT_PRODUCTS_DIR)/weatherOrNot.app/weatherOrNot";
			};
			name = Release;
		};
		F33A87DE21E2000E0039A777 /* Debug */ = {
			isa = XCBuildConfiguration;
			buildSettings = {
				ALWAYS_EMBED_SWIFT_STANDARD_LIBRARIES = YES;
				CODE_SIGN_STYLE = Automatic;
				DEVELOPMENT_TEAM = G6QE4Y49BH;
				INFOPLIST_FILE = weatherOrNotUITests/Info.plist;
				LD_RUNPATH_SEARCH_PATHS = (
					"$(inherited)",
					"@executable_path/Frameworks",
					"@loader_path/Frameworks",
				);
				PRODUCT_BUNDLE_IDENTIFIER = jrgibson1.weatherOrNotUITests;
				PRODUCT_NAME = "$(TARGET_NAME)";
				SWIFT_VERSION = 4.2;
				TARGETED_DEVICE_FAMILY = "1,2";
				TEST_TARGET_NAME = weatherOrNot;
			};
			name = Debug;
		};
		F33A87DF21E2000E0039A777 /* Release */ = {
			isa = XCBuildConfiguration;
			buildSettings = {
				ALWAYS_EMBED_SWIFT_STANDARD_LIBRARIES = YES;
				CODE_SIGN_STYLE = Automatic;
				DEVELOPMENT_TEAM = G6QE4Y49BH;
				INFOPLIST_FILE = weatherOrNotUITests/Info.plist;
				LD_RUNPATH_SEARCH_PATHS = (
					"$(inherited)",
					"@executable_path/Frameworks",
					"@loader_path/Frameworks",
				);
				PRODUCT_BUNDLE_IDENTIFIER = jrgibson1.weatherOrNotUITests;
				PRODUCT_NAME = "$(TARGET_NAME)";
				SWIFT_VERSION = 4.2;
				TARGETED_DEVICE_FAMILY = "1,2";
				TEST_TARGET_NAME = weatherOrNot;
			};
			name = Release;
		};
/* End XCBuildConfiguration section */

/* Begin XCConfigurationList section */
		F33A87AA21E2000D0039A777 /* Build configuration list for PBXProject "weatherOrNot" */ = {
			isa = XCConfigurationList;
			buildConfigurations = (
				F33A87D521E2000E0039A777 /* Debug */,
				F33A87D621E2000E0039A777 /* Release */,
			);
			defaultConfigurationIsVisible = 0;
			defaultConfigurationName = Release;
		};
		F33A87D721E2000E0039A777 /* Build configuration list for PBXNativeTarget "weatherOrNot" */ = {
			isa = XCConfigurationList;
			buildConfigurations = (
				F33A87D821E2000E0039A777 /* Debug */,
				F33A87D921E2000E0039A777 /* Release */,
			);
			defaultConfigurationIsVisible = 0;
			defaultConfigurationName = Release;
		};
		F33A87DA21E2000E0039A777 /* Build configuration list for PBXNativeTarget "weatherOrNotTests" */ = {
			isa = XCConfigurationList;
			buildConfigurations = (
				F33A87DB21E2000E0039A777 /* Debug */,
				F33A87DC21E2000E0039A777 /* Release */,
			);
			defaultConfigurationIsVisible = 0;
			defaultConfigurationName = Release;
		};
		F33A87DD21E2000E0039A777 /* Build configuration list for PBXNativeTarget "weatherOrNotUITests" */ = {
			isa = XCConfigurationList;
			buildConfigurations = (
				F33A87DE21E2000E0039A777 /* Debug */,
				F33A87DF21E2000E0039A777 /* Release */,
			);
			defaultConfigurationIsVisible = 0;
			defaultConfigurationName = Release;
		};
/* End XCConfigurationList section */
	};
	rootObject = F33A87A721E2000D0039A777 /* Project object */;
}
